
Microsoft Visual Studio Solution File, Format Version 12.00
# Visual Studio Version 17
VisualStudioVersion = 17.9.34728.123
MinimumVisualStudioVersion = 10.0.40219.1
Project("{FAE04EC0-301F-11D3-BF4B-00C04F79EFBC}") = "WpfApp3", "WpfApp3\WpfApp3.csproj", "{D76B8448-EFB5-47E3-9659-624DF05E119B}"
EndProject
Global
	GlobalSection(SolutionConfigurationPlatforms) = preSolution
		Debug|Any CPU = Debug|Any CPU
		Release|Any CPU = Release|Any CPU
	EndGlobalSection
	GlobalSection(ProjectConfigurationPlatforms) = postSolution
		{D76B8448-EFB5-47E3-9659-624DF05E119B}.Debug|Any CPU.ActiveCfg = Debug|Any CPU
		{D76B8448-EFB5-47E3-9659-624DF05E119B}.Debug|Any CPU.Build.0 = Debug|Any CPU
		{D76B8448-EFB5-47E3-9659-624DF05E119B}.Release|Any CPU.ActiveCfg = Release|Any CPU
		{D76B8448-EFB5-47E3-9659-624DF05E119B}.Release|Any CPU.Build.0 = Release|Any CPU
	EndGlobalSection
	GlobalSection(SolutionProperties) = preSolution
		HideSolutionNode = FALSE
	EndGlobalSection
	GlobalSection(ExtensibilityGlobals) = postSolution
		SolutionGuid = {8CF39E04-4832-4F3B-A5FF-900B2D48EB1F}
	EndGlobalSection
EndGlobal
